// !$*UTF8*$!
{
	archiveVersion = 1;
	classes = {
	};
	objectVersion = 46;
	objects = {

/* Begin PBXBuildFile section */
		9B32448F1C5BA03D0073E7E3 /* User.m in Sources */ = {isa = PBXBuildFile; fileRef = 9B32448E1C5BA03D0073E7E3 /* User.m */; };
		9B3244931C5BA5230073E7E3 /* UserLoginVC.m in Sources */ = {isa = PBXBuildFile; fileRef = 9B3244921C5BA5230073E7E3 /* UserLoginVC.m */; };
		9B47AAA31C4FAFC4002D708E /* main.m in Sources */ = {isa = PBXBuildFile; fileRef = 9B47AAA21C4FAFC4002D708E /* main.m */; };
		9B47AAA61C4FAFC4002D708E /* AppDelegate.m in Sources */ = {isa = PBXBuildFile; fileRef = 9B47AAA51C4FAFC4002D708E /* AppDelegate.m */; };
		9B47AAAC1C4FAFC4002D708E /* Main.storyboard in Resources */ = {isa = PBXBuildFile; fileRef = 9B47AAAA1C4FAFC4002D708E /* Main.storyboard */; };
		9B47AAAE1C4FAFC4002D708E /* Assets.xcassets in Resources */ = {isa = PBXBuildFile; fileRef = 9B47AAAD1C4FAFC4002D708E /* Assets.xcassets */; };
		9B47AAB11C4FAFC4002D708E /* LaunchScreen.storyboard in Resources */ = {isa = PBXBuildFile; fileRef = 9B47AAAF1C4FAFC4002D708E /* LaunchScreen.storyboard */; };
		9B47AABF1C4FB19D002D708E /* AppTVC.m in Sources */ = {isa = PBXBuildFile; fileRef = 9B47AABA1C4FB19D002D708E /* AppTVC.m */; };
		9B47AAC01C4FB19D002D708E /* AppTVC.xib in Resources */ = {isa = PBXBuildFile; fileRef = 9B47AABB1C4FB19D002D708E /* AppTVC.xib */; };
		9B47AAC11C4FB19D002D708E /* AppTVCCell.m in Sources */ = {isa = PBXBuildFile; fileRef = 9B47AABD1C4FB19D002D708E /* AppTVCCell.m */; };
		9B47AAC21C4FB19D002D708E /* AppTVCCell.xib in Resources */ = {isa = PBXBuildFile; fileRef = 9B47AABE1C4FB19D002D708E /* AppTVCCell.xib */; };
		9B47AACA1C4FB1F3002D708E /* IISideController.m in Sources */ = {isa = PBXBuildFile; fileRef = 9B47AAC51C4FB1F3002D708E /* IISideController.m */; };
		9B47AACB1C4FB1F3002D708E /* IIViewDeckController.m in Sources */ = {isa = PBXBuildFile; fileRef = 9B47AAC71C4FB1F3002D708E /* IIViewDeckController.m */; };
		9B47AACC1C4FB1F3002D708E /* IIWrapController.m in Sources */ = {isa = PBXBuildFile; fileRef = 9B47AAC91C4FB1F3002D708E /* IIWrapController.m */; };
		9B47AAD31C4FB318002D708E /* MainTableViewController.m in Sources */ = {isa = PBXBuildFile; fileRef = 9B47AACF1C4FB318002D708E /* MainTableViewController.m */; };
		9B47AAD41C4FB318002D708E /* MainTableViewCell.m in Sources */ = {isa = PBXBuildFile; fileRef = 9B47AAD11C4FB318002D708E /* MainTableViewCell.m */; };
		9B47AAD51C4FB318002D708E /* MainTableViewCell.xib in Resources */ = {isa = PBXBuildFile; fileRef = 9B47AAD21C4FB318002D708E /* MainTableViewCell.xib */; };
		9B47AAE11C4FB670002D708E /* NetAccessUtil.m in Sources */ = {isa = PBXBuildFile; fileRef = 9B47AAD81C4FB670002D708E /* NetAccessUtil.m */; };
		9B47AAE21C4FB670002D708E /* System.m in Sources */ = {isa = PBXBuildFile; fileRef = 9B47AADA1C4FB670002D708E /* System.m */; };
		9B47AAE31C4FB670002D708E /* FileUtil.m in Sources */ = {isa = PBXBuildFile; fileRef = 9B47AADC1C4FB670002D708E /* FileUtil.m */; };
		9B47AAE41C4FB670002D708E /* JsonUtil.m in Sources */ = {isa = PBXBuildFile; fileRef = 9B47AADE1C4FB670002D708E /* JsonUtil.m */; };
		9B47AAE51C4FB670002D708E /* DataConvertion.m in Sources */ = {isa = PBXBuildFile; fileRef = 9B47AAE01C4FB670002D708E /* DataConvertion.m */; };
		9B47AAE91C4FB6AB002D708E /* StatisticList.m in Sources */ = {isa = PBXBuildFile; fileRef = 9B47AAE81C4FB6AB002D708E /* StatisticList.m */; };
		9B5A245B1C5116460058E999 /* StatisticDescriptionVC.m in Sources */ = {isa = PBXBuildFile; fileRef = 9B5A245A1C5116460058E999 /* StatisticDescriptionVC.m */; };
		9B66C35E1C5F8B410014630F /* HelpTVC.m in Sources */ = {isa = PBXBuildFile; fileRef = 9B66C35C1C5F8B410014630F /* HelpTVC.m */; };
		9B66C35F1C5F8B410014630F /* HelpTVC.xib in Resources */ = {isa = PBXBuildFile; fileRef = 9B66C35D1C5F8B410014630F /* HelpTVC.xib */; };
		9B66C3631C5F8C060014630F /* HelpTVCell.m in Sources */ = {isa = PBXBuildFile; fileRef = 9B66C3611C5F8C060014630F /* HelpTVCell.m */; };
		9B66C3641C5F8C060014630F /* HelpTVCell.xib in Resources */ = {isa = PBXBuildFile; fileRef = 9B66C3621C5F8C060014630F /* HelpTVCell.xib */; };
		9BC95CC31C5E3CEA00D49472 /* DateUtil.m in Sources */ = {isa = PBXBuildFile; fileRef = 9BC95CC21C5E3CEA00D49472 /* DateUtil.m */; };
		9BF707751C5C850D00AF3EB7 /* UserRegisterVC.m in Sources */ = {isa = PBXBuildFile; fileRef = 9BF707731C5C850D00AF3EB7 /* UserRegisterVC.m */; };
		9BF707761C5C850D00AF3EB7 /* UserRegisterVC.xib in Resources */ = {isa = PBXBuildFile; fileRef = 9BF707741C5C850D00AF3EB7 /* UserRegisterVC.xib */; };
		9BF7077A1C5CC0D000AF3EB7 /* AboutVC.m in Sources */ = {isa = PBXBuildFile; fileRef = 9BF707791C5CC0D000AF3EB7 /* AboutVC.m */; };
		9BFFD2B91C5C3C1B0062C586 /* UserSettingVC.m in Sources */ = {isa = PBXBuildFile; fileRef = 9BFFD2B81C5C3C1B0062C586 /* UserSettingVC.m */; };
		A40513007953961EB92098FB /* libPods.a in Frameworks */ = {isa = PBXBuildFile; fileRef = 6D5BC218F76F66DB146EA3E7 /* libPods.a */; };
/* End PBXBuildFile section */

/* Begin PBXFileReference section */
		01F606CB96E188DA2E70052D /* Pods.release.xcconfig */ = {isa = PBXFileReference; includeInIndex = 1; lastKnownFileType = text.xcconfig; name = Pods.release.xcconfig; path = "Pods/Target Support Files/Pods/Pods.release.xcconfig"; sourceTree = "<group>"; };
		6D5BC218F76F66DB146EA3E7 /* libPods.a */ = {isa = PBXFileReference; explicitFileType = archive.ar; includeInIndex = 0; path = libPods.a; sourceTree = BUILT_PRODUCTS_DIR; };
		9B32448D1C5BA03D0073E7E3 /* User.h */ = {isa = PBXFileReference; fileEncoding = 4; lastKnownFileType = sourcecode.c.h; path = User.h; sourceTree = "<group>"; };
		9B32448E1C5BA03D0073E7E3 /* User.m */ = {isa = PBXFileReference; fileEncoding = 4; lastKnownFileType = sourcecode.c.objc; path = User.m; sourceTree = "<group>"; };
		9B3244911C5BA5230073E7E3 /* UserLoginVC.h */ = {isa = PBXFileReference; fileEncoding = 4; lastKnownFileType = sourcecode.c.h; path = UserLoginVC.h; sourceTree = "<group>"; };
		9B3244921C5BA5230073E7E3 /* UserLoginVC.m */ = {isa = PBXFileReference; fileEncoding = 4; lastKnownFileType = sourcecode.c.objc; path = UserLoginVC.m; sourceTree = "<group>"; };
		9B47AA9E1C4FAFC4002D708E /* iStatistic.app */ = {isa = PBXFileReference; explicitFileType = wrapper.application; includeInIndex = 0; path = iStatistic.app; sourceTree = BUILT_PRODUCTS_DIR; };
		9B47AAA21C4FAFC4002D708E /* main.m */ = {isa = PBXFileReference; lastKnownFileType = sourcecode.c.objc; path = main.m; sourceTree = "<group>"; };
		9B47AAA41C4FAFC4002D708E /* AppDelegate.h */ = {isa = PBXFileReference; lastKnownFileType = sourcecode.c.h; path = AppDelegate.h; sourceTree = "<group>"; };
		9B47AAA51C4FAFC4002D708E /* AppDelegate.m */ = {isa = PBXFileReference; lastKnownFileType = sourcecode.c.objc; path = AppDelegate.m; sourceTree = "<group>"; };
		9B47AAAB1C4FAFC4002D708E /* Base */ = {isa = PBXFileReference; lastKnownFileType = file.storyboard; name = Base; path = Base.lproj/Main.storyboard; sourceTree = "<group>"; };
		9B47AAAD1C4FAFC4002D708E /* Assets.xcassets */ = {isa = PBXFileReference; lastKnownFileType = folder.assetcatalog; path = Assets.xcassets; sourceTree = "<group>"; };
		9B47AAB01C4FAFC4002D708E /* Base */ = {isa = PBXFileReference; lastKnownFileType = file.storyboard; name = Base; path = Base.lproj/LaunchScreen.storyboard; sourceTree = "<group>"; };
		9B47AAB21C4FAFC4002D708E /* Info.plist */ = {isa = PBXFileReference; lastKnownFileType = text.plist.xml; path = Info.plist; sourceTree = "<group>"; };
		9B47AAB91C4FB19D002D708E /* AppTVC.h */ = {isa = PBXFileReference; fileEncoding = 4; lastKnownFileType = sourcecode.c.h; path = AppTVC.h; sourceTree = "<group>"; };
		9B47AABA1C4FB19D002D708E /* AppTVC.m */ = {isa = PBXFileReference; fileEncoding = 4; lastKnownFileType = sourcecode.c.objc; path = AppTVC.m; sourceTree = "<group>"; };
		9B47AABB1C4FB19D002D708E /* AppTVC.xib */ = {isa = PBXFileReference; fileEncoding = 4; lastKnownFileType = file.xib; path = AppTVC.xib; sourceTree = "<group>"; };
		9B47AABC1C4FB19D002D708E /* AppTVCCell.h */ = {isa = PBXFileReference; fileEncoding = 4; lastKnownFileType = sourcecode.c.h; path = AppTVCCell.h; sourceTree = "<group>"; };
		9B47AABD1C4FB19D002D708E /* AppTVCCell.m */ = {isa = PBXFileReference; fileEncoding = 4; lastKnownFileType = sourcecode.c.objc; path = AppTVCCell.m; sourceTree = "<group>"; };
		9B47AABE1C4FB19D002D708E /* AppTVCCell.xib */ = {isa = PBXFileReference; fileEncoding = 4; lastKnownFileType = file.xib; path = AppTVCCell.xib; sourceTree = "<group>"; };
		9B47AAC41C4FB1F3002D708E /* IISideController.h */ = {isa = PBXFileReference; fileEncoding = 4; lastKnownFileType = sourcecode.c.h; path = IISideController.h; sourceTree = "<group>"; };
		9B47AAC51C4FB1F3002D708E /* IISideController.m */ = {isa = PBXFileReference; fileEncoding = 4; lastKnownFileType = sourcecode.c.objc; path = IISideController.m; sourceTree = "<group>"; };
		9B47AAC61C4FB1F3002D708E /* IIViewDeckController.h */ = {isa = PBXFileReference; fileEncoding = 4; lastKnownFileType = sourcecode.c.h; path = IIViewDeckController.h; sourceTree = "<group>"; };
		9B47AAC71C4FB1F3002D708E /* IIViewDeckController.m */ = {isa = PBXFileReference; fileEncoding = 4; lastKnownFileType = sourcecode.c.objc; path = IIViewDeckController.m; sourceTree = "<group>"; };
		9B47AAC81C4FB1F3002D708E /* IIWrapController.h */ = {isa = PBXFileReference; fileEncoding = 4; lastKnownFileType = sourcecode.c.h; path = IIWrapController.h; sourceTree = "<group>"; };
		9B47AAC91C4FB1F3002D708E /* IIWrapController.m */ = {isa = PBXFileReference; fileEncoding = 4; lastKnownFileType = sourcecode.c.objc; path = IIWrapController.m; sourceTree = "<group>"; };
		9B47AACF1C4FB318002D708E /* MainTableViewController.m */ = {isa = PBXFileReference; fileEncoding = 4; lastKnownFileType = sourcecode.c.objc; path = MainTableViewController.m; sourceTree = "<group>"; };
		9B47AAD01C4FB318002D708E /* MainTableViewCell.h */ = {isa = PBXFileReference; fileEncoding = 4; lastKnownFileType = sourcecode.c.h; path = MainTableViewCell.h; sourceTree = "<group>"; };
		9B47AAD11C4FB318002D708E /* MainTableViewCell.m */ = {isa = PBXFileReference; fileEncoding = 4; lastKnownFileType = sourcecode.c.objc; path = MainTableViewCell.m; sourceTree = "<group>"; };
		9B47AAD21C4FB318002D708E /* MainTableViewCell.xib */ = {isa = PBXFileReference; fileEncoding = 4; lastKnownFileType = file.xib; path = MainTableViewCell.xib; sourceTree = "<group>"; };
		9B47AAD71C4FB670002D708E /* NetAccessUtil.h */ = {isa = PBXFileReference; fileEncoding = 4; lastKnownFileType = sourcecode.c.h; path = NetAccessUtil.h; sourceTree = "<group>"; };
		9B47AAD81C4FB670002D708E /* NetAccessUtil.m */ = {isa = PBXFileReference; fileEncoding = 4; lastKnownFileType = sourcecode.c.objc; path = NetAccessUtil.m; sourceTree = "<group>"; };
		9B47AAD91C4FB670002D708E /* System.h */ = {isa = PBXFileReference; fileEncoding = 4; lastKnownFileType = sourcecode.c.h; path = System.h; sourceTree = "<group>"; };
		9B47AADA1C4FB670002D708E /* System.m */ = {isa = PBXFileReference; fileEncoding = 4; lastKnownFileType = sourcecode.c.objc; path = System.m; sourceTree = "<group>"; };
		9B47AADB1C4FB670002D708E /* FileUtil.h */ = {isa = PBXFileReference; fileEncoding = 4; lastKnownFileType = sourcecode.c.h; path = FileUtil.h; sourceTree = "<group>"; };
		9B47AADC1C4FB670002D708E /* FileUtil.m */ = {isa = PBXFileReference; fileEncoding = 4; lastKnownFileType = sourcecode.c.objc; path = FileUtil.m; sourceTree = "<group>"; };
		9B47AADD1C4FB670002D708E /* JsonUtil.h */ = {isa = PBXFileReference; fileEncoding = 4; lastKnownFileType = sourcecode.c.h; path = JsonUtil.h; sourceTree = "<group>"; };
		9B47AADE1C4FB670002D708E /* JsonUtil.m */ = {isa = PBXFileReference; fileEncoding = 4; lastKnownFileType = sourcecode.c.objc; path = JsonUtil.m; sourceTree = "<group>"; };
		9B47AADF1C4FB670002D708E /* DataConvertion.h */ = {isa = PBXFileReference; fileEncoding = 4; lastKnownFileType = sourcecode.c.h; path = DataConvertion.h; sourceTree = "<group>"; };
		9B47AAE01C4FB670002D708E /* DataConvertion.m */ = {isa = PBXFileReference; fileEncoding = 4; lastKnownFileType = sourcecode.c.objc; path = DataConvertion.m; sourceTree = "<group>"; };
		9B47AAE71C4FB6AB002D708E /* StatisticList.h */ = {isa = PBXFileReference; fileEncoding = 4; lastKnownFileType = sourcecode.c.h; path = StatisticList.h; sourceTree = "<group>"; };
		9B47AAE81C4FB6AB002D708E /* StatisticList.m */ = {isa = PBXFileReference; fileEncoding = 4; lastKnownFileType = sourcecode.c.objc; path = StatisticList.m; sourceTree = "<group>"; };
		9B47AAEA1C4FC220002D708E /* MainTableViewController.h */ = {isa = PBXFileReference; lastKnownFileType = sourcecode.c.h; path = MainTableViewController.h; sourceTree = "<group>"; };
		9B5A24591C5116460058E999 /* StatisticDescriptionVC.h */ = {isa = PBXFileReference; fileEncoding = 4; lastKnownFileType = sourcecode.c.h; path = StatisticDescriptionVC.h; sourceTree = "<group>"; };
		9B5A245A1C5116460058E999 /* StatisticDescriptionVC.m */ = {isa = PBXFileReference; fileEncoding = 4; lastKnownFileType = sourcecode.c.objc; path = StatisticDescriptionVC.m; sourceTree = "<group>"; };
		9B66C35B1C5F8B410014630F /* HelpTVC.h */ = {isa = PBXFileReference; fileEncoding = 4; lastKnownFileType = sourcecode.c.h; path = HelpTVC.h; sourceTree = "<group>"; };
		9B66C35C1C5F8B410014630F /* HelpTVC.m */ = {isa = PBXFileReference; fileEncoding = 4; lastKnownFileType = sourcecode.c.objc; path = HelpTVC.m; sourceTree = "<group>"; };
		9B66C35D1C5F8B410014630F /* HelpTVC.xib */ = {isa = PBXFileReference; fileEncoding = 4; lastKnownFileType = file.xib; path = HelpTVC.xib; sourceTree = "<group>"; };
		9B66C3601C5F8C060014630F /* HelpTVCell.h */ = {isa = PBXFileReference; fileEncoding = 4; lastKnownFileType = sourcecode.c.h; path = HelpTVCell.h; sourceTree = "<group>"; };
		9B66C3611C5F8C060014630F /* HelpTVCell.m */ = {isa = PBXFileReference; fileEncoding = 4; lastKnownFileType = sourcecode.c.objc; path = HelpTVCell.m; sourceTree = "<group>"; };
		9B66C3621C5F8C060014630F /* HelpTVCell.xib */ = {isa = PBXFileReference; fileEncoding = 4; lastKnownFileType = file.xib; path = HelpTVCell.xib; sourceTree = "<group>"; };
		9BC95CC11C5E3CEA00D49472 /* DateUtil.h */ = {isa = PBXFileReference; fileEncoding = 4; lastKnownFileType = sourcecode.c.h; path = DateUtil.h; sourceTree = "<group>"; };
		9BC95CC21C5E3CEA00D49472 /* DateUtil.m */ = {isa = PBXFileReference; fileEncoding = 4; lastKnownFileType = sourcecode.c.objc; path = DateUtil.m; sourceTree = "<group>"; };
		9BF707721C5C850D00AF3EB7 /* UserRegisterVC.h */ = {isa = PBXFileReference; fileEncoding = 4; lastKnownFileType = sourcecode.c.h; path = UserRegisterVC.h; sourceTree = "<group>"; };
		9BF707731C5C850D00AF3EB7 /* UserRegisterVC.m */ = {isa = PBXFileReference; fileEncoding = 4; lastKnownFileType = sourcecode.c.objc; path = UserRegisterVC.m; sourceTree = "<group>"; };
		9BF707741C5C850D00AF3EB7 /* UserRegisterVC.xib */ = {isa = PBXFileReference; fileEncoding = 4; lastKnownFileType = file.xib; path = UserRegisterVC.xib; sourceTree = "<group>"; };
		9BF707781C5CC0D000AF3EB7 /* AboutVC.h */ = {isa = PBXFileReference; fileEncoding = 4; lastKnownFileType = sourcecode.c.h; path = AboutVC.h; sourceTree = "<group>"; };
		9BF707791C5CC0D000AF3EB7 /* AboutVC.m */ = {isa = PBXFileReference; fileEncoding = 4; lastKnownFileType = sourcecode.c.objc; path = AboutVC.m; sourceTree = "<group>"; };
		9BFFD2B71C5C3C1B0062C586 /* UserSettingVC.h */ = {isa = PBXFileReference; fileEncoding = 4; lastKnownFileType = sourcecode.c.h; path = UserSettingVC.h; sourceTree = "<group>"; };
		9BFFD2B81C5C3C1B0062C586 /* UserSettingVC.m */ = {isa = PBXFileReference; fileEncoding = 4; lastKnownFileType = sourcecode.c.objc; path = UserSettingVC.m; sourceTree = "<group>"; };
		FC7FE257FF6078C4803FF60F /* Pods.debug.xcconfig */ = {isa = PBXFileReference; includeInIndex = 1; lastKnownFileType = text.xcconfig; name = Pods.debug.xcconfig; path = "Pods/Target Support Files/Pods/Pods.debug.xcconfig"; sourceTree = "<group>"; };
/* End PBXFileReference section */

/* Begin PBXFrameworksBuildPhase section */
		9B47AA9B1C4FAFC4002D708E /* Frameworks */ = {
			isa = PBXFrameworksBuildPhase;
			buildActionMask = 2147483647;
			files = (
				A40513007953961EB92098FB /* libPods.a in Frameworks */,
			);
			runOnlyForDeploymentPostprocessing = 0;
		};
/* End PBXFrameworksBuildPhase section */

/* Begin PBXGroup section */
		41D872623F280164FEA6C33C /* Pods */ = {
			isa = PBXGroup;
			children = (
				FC7FE257FF6078C4803FF60F /* Pods.debug.xcconfig */,
				01F606CB96E188DA2E70052D /* Pods.release.xcconfig */,
			);
			name = Pods;
			sourceTree = "<group>";
		};
		6D3C83087C2F0E1F0DE5837A /* Frameworks */ = {
			isa = PBXGroup;
			children = (
				6D5BC218F76F66DB146EA3E7 /* libPods.a */,
			);
			name = Frameworks;
			sourceTree = "<group>";
		};
		9B3244901C5BA4E50073E7E3 /* UserLogin */ = {
			isa = PBXGroup;
			children = (
				9B3244911C5BA5230073E7E3 /* UserLoginVC.h */,
				9B3244921C5BA5230073E7E3 /* UserLoginVC.m */,
			);
			name = UserLogin;
			sourceTree = "<group>";
		};
		9B47AA951C4FAFC4002D708E = {
			isa = PBXGroup;
			children = (
				9B47AAA01C4FAFC4002D708E /* iStatistic */,
				9B47AA9F1C4FAFC4002D708E /* Products */,
				41D872623F280164FEA6C33C /* Pods */,
				6D3C83087C2F0E1F0DE5837A /* Frameworks */,
			);
			sourceTree = "<group>";
		};
		9B47AA9F1C4FAFC4002D708E /* Products */ = {
			isa = PBXGroup;
			children = (
				9B47AA9E1C4FAFC4002D708E /* iStatistic.app */,
			);
			name = Products;
			sourceTree = "<group>";
		};
		9B47AAA01C4FAFC4002D708E /* iStatistic */ = {
			isa = PBXGroup;
			children = (
				9B66C35A1C5F8B040014630F /* helpPage */,
				9BF707771C5CC0B800AF3EB7 /* About */,
				9BF707711C5C84A100AF3EB7 /* UserRegister */,
				9BFFD2B61C5C3BF60062C586 /* UserSetting */,
				9B3244901C5BA4E50073E7E3 /* UserLogin */,
				9B5A24581C51160F0058E999 /* statisticDescription */,
				9B47AAE61C4FB69A002D708E /* model */,
				9B47AAD61C4FB65B002D708E /* util */,
				9B47AACD1C4FB2F6002D708E /* mainPage */,
				9B47AAC31C4FB1DD002D708E /* viewDeck */,
				9B47AAB81C4FB18B002D708E /* appTVC */,
				9B47AAA41C4FAFC4002D708E /* AppDelegate.h */,
				9B47AAA51C4FAFC4002D708E /* AppDelegate.m */,
				9B47AAAA1C4FAFC4002D708E /* Main.storyboard */,
				9B47AAAD1C4FAFC4002D708E /* Assets.xcassets */,
				9B47AAAF1C4FAFC4002D708E /* LaunchScreen.storyboard */,
				9B47AAB21C4FAFC4002D708E /* Info.plist */,
				9B47AAA11C4FAFC4002D708E /* Supporting Files */,
			);
			path = iStatistic;
			sourceTree = "<group>";
		};
		9B47AAA11C4FAFC4002D708E /* Supporting Files */ = {
			isa = PBXGroup;
			children = (
				9B47AAA21C4FAFC4002D708E /* main.m */,
			);
			name = "Supporting Files";
			sourceTree = "<group>";
		};
		9B47AAB81C4FB18B002D708E /* appTVC */ = {
			isa = PBXGroup;
			children = (
				9B47AAB91C4FB19D002D708E /* AppTVC.h */,
				9B47AABA1C4FB19D002D708E /* AppTVC.m */,
				9B47AABB1C4FB19D002D708E /* AppTVC.xib */,
				9B47AABC1C4FB19D002D708E /* AppTVCCell.h */,
				9B47AABD1C4FB19D002D708E /* AppTVCCell.m */,
				9B47AABE1C4FB19D002D708E /* AppTVCCell.xib */,
			);
			name = appTVC;
			sourceTree = "<group>";
		};
		9B47AAC31C4FB1DD002D708E /* viewDeck */ = {
			isa = PBXGroup;
			children = (
				9B47AAC41C4FB1F3002D708E /* IISideController.h */,
				9B47AAC51C4FB1F3002D708E /* IISideController.m */,
				9B47AAC61C4FB1F3002D708E /* IIViewDeckController.h */,
				9B47AAC71C4FB1F3002D708E /* IIViewDeckController.m */,
				9B47AAC81C4FB1F3002D708E /* IIWrapController.h */,
				9B47AAC91C4FB1F3002D708E /* IIWrapController.m */,
			);
			name = viewDeck;
			sourceTree = "<group>";
		};
		9B47AACD1C4FB2F6002D708E /* mainPage */ = {
			isa = PBXGroup;
			children = (
				9B47AAEA1C4FC220002D708E /* MainTableViewController.h */,
				9B47AACF1C4FB318002D708E /* MainTableViewController.m */,
				9B47AAD01C4FB318002D708E /* MainTableViewCell.h */,
				9B47AAD11C4FB318002D708E /* MainTableViewCell.m */,
				9B47AAD21C4FB318002D708E /* MainTableViewCell.xib */,
			);
			name = mainPage;
			sourceTree = "<group>";
		};
		9B47AAD61C4FB65B002D708E /* util */ = {
			isa = PBXGroup;
			children = (
				9B47AAD71C4FB670002D708E /* NetAccessUtil.h */,
				9B47AAD81C4FB670002D708E /* NetAccessUtil.m */,
				9B47AAD91C4FB670002D708E /* System.h */,
				9B47AADA1C4FB670002D708E /* System.m */,
				9B47AADB1C4FB670002D708E /* FileUtil.h */,
				9B47AADC1C4FB670002D708E /* FileUtil.m */,
				9B47AADD1C4FB670002D708E /* JsonUtil.h */,
				9B47AADE1C4FB670002D708E /* JsonUtil.m */,
				9B47AADF1C4FB670002D708E /* DataConvertion.h */,
				9B47AAE01C4FB670002D708E /* DataConvertion.m */,
				9BC95CC11C5E3CEA00D49472 /* DateUtil.h */,
				9BC95CC21C5E3CEA00D49472 /* DateUtil.m */,
			);
			name = util;
			sourceTree = "<group>";
		};
		9B47AAE61C4FB69A002D708E /* model */ = {
			isa = PBXGroup;
			children = (
				9B47AAE71C4FB6AB002D708E /* StatisticList.h */,
				9B47AAE81C4FB6AB002D708E /* StatisticList.m */,
				9B32448D1C5BA03D0073E7E3 /* User.h */,
				9B32448E1C5BA03D0073E7E3 /* User.m */,
			);
			name = model;
			sourceTree = "<group>";
		};
		9B5A24581C51160F0058E999 /* statisticDescription */ = {
			isa = PBXGroup;
			children = (
				9B5A24591C5116460058E999 /* StatisticDescriptionVC.h */,
				9B5A245A1C5116460058E999 /* StatisticDescriptionVC.m */,
			);
			name = statisticDescription;
			sourceTree = "<group>";
		};
		9B66C35A1C5F8B040014630F /* helpPage */ = {
			isa = PBXGroup;
			children = (
				9B66C35B1C5F8B410014630F /* HelpTVC.h */,
				9B66C35C1C5F8B410014630F /* HelpTVC.m */,
				9B66C35D1C5F8B410014630F /* HelpTVC.xib */,
				9B66C3601C5F8C060014630F /* HelpTVCell.h */,
				9B66C3611C5F8C060014630F /* HelpTVCell.m */,
				9B66C3621C5F8C060014630F /* HelpTVCell.xib */,
			);
			name = helpPage;
			sourceTree = "<group>";
		};
		9BF707711C5C84A100AF3EB7 /* UserRegister */ = {
			isa = PBXGroup;
			children = (
				9BF707721C5C850D00AF3EB7 /* UserRegisterVC.h */,
				9BF707731C5C850D00AF3EB7 /* UserRegisterVC.m */,
				9BF707741C5C850D00AF3EB7 /* UserRegisterVC.xib */,
			);
			name = UserRegister;
			sourceTree = "<group>";
		};
		9BF707771C5CC0B800AF3EB7 /* About */ = {
			isa = PBXGroup;
			children = (
				9BF707781C5CC0D000AF3EB7 /* AboutVC.h */,
				9BF707791C5CC0D000AF3EB7 /* AboutVC.m */,
			);
			name = About;
			sourceTree = "<group>";
		};
		9BFFD2B61C5C3BF60062C586 /* UserSetting */ = {
			isa = PBXGroup;
			children = (
				9BFFD2B71C5C3C1B0062C586 /* UserSettingVC.h */,
				9BFFD2B81C5C3C1B0062C586 /* UserSettingVC.m */,
			);
			name = UserSetting;
			sourceTree = "<group>";
		};
/* End PBXGroup section */

/* Begin PBXNativeTarget section */
		9B47AA9D1C4FAFC4002D708E /* iStatistic */ = {
			isa = PBXNativeTarget;
			buildConfigurationList = 9B47AAB51C4FAFC4002D708E /* Build configuration list for PBXNativeTarget "iStatistic" */;
			buildPhases = (
				0A0B5EE39963733CC40D0A33 /* Check Pods Manifest.lock */,
				9B47AA9A1C4FAFC4002D708E /* Sources */,
				9B47AA9B1C4FAFC4002D708E /* Frameworks */,
				9B47AA9C1C4FAFC4002D708E /* Resources */,
				393AD4D399DB57256B87F5A8 /* Embed Pods Frameworks */,
				F6B58B07EEF9AEC937D269A2 /* Copy Pods Resources */,
			);
			buildRules = (
			);
			dependencies = (
			);
			name = iStatistic;
			productName = iStatistic;
			productReference = 9B47AA9E1C4FAFC4002D708E /* iStatistic.app */;
			productType = "com.apple.product-type.application";
		};
/* End PBXNativeTarget section */

/* Begin PBXProject section */
		9B47AA961C4FAFC4002D708E /* Project object */ = {
			isa = PBXProject;
			attributes = {
				LastUpgradeCheck = 0720;
				ORGANIZATIONNAME = lee;
				TargetAttributes = {
					9B47AA9D1C4FAFC4002D708E = {
						CreatedOnToolsVersion = 7.2;
						DevelopmentTeam = MVY235P38A;
					};
				};
			};
			buildConfigurationList = 9B47AA991C4FAFC4002D708E /* Build configuration list for PBXProject "iStatistic" */;
			compatibilityVersion = "Xcode 3.2";
			developmentRegion = English;
			hasScannedForEncodings = 0;
			knownRegions = (
				en,
				Base,
			);
			mainGroup = 9B47AA951C4FAFC4002D708E;
			productRefGroup = 9B47AA9F1C4FAFC4002D708E /* Products */;
			projectDirPath = "";
			projectRoot = "";
			targets = (
				9B47AA9D1C4FAFC4002D708E /* iStatistic */,
			);
		};
/* End PBXProject section */

/* Begin PBXResourcesBuildPhase section */
		9B47AA9C1C4FAFC4002D708E /* Resources */ = {
			isa = PBXResourcesBuildPhase;
			buildActionMask = 2147483647;
			files = (
				9BF707761C5C850D00AF3EB7 /* UserRegisterVC.xib in Resources */,
				9B47AAD51C4FB318002D708E /* MainTableViewCell.xib in Resources */,
				9B66C35F1C5F8B410014630F /* HelpTVC.xib in Resources */,
				9B66C3641C5F8C060014630F /* HelpTVCell.xib in Resources */,
				9B47AAB11C4FAFC4002D708E /* LaunchScreen.storyboard in Resources */,
				9B47AAC01C4FB19D002D708E /* AppTVC.xib in Resources */,
				9B47AAAE1C4FAFC4002D708E /* Assets.xcassets in Resources */,
				9B47AAAC1C4FAFC4002D708E /* Main.storyboard in Resources */,
				9B47AAC21C4FB19D002D708E /* AppTVCCell.xib in Resources */,
			);
			runOnlyForDeploymentPostprocessing = 0;
		};
/* End PBXResourcesBuildPhase section */

/* Begin PBXShellScriptBuildPhase section */
		0A0B5EE39963733CC40D0A33 /* Check Pods Manifest.lock */ = {
			isa = PBXShellScriptBuildPhase;
			buildActionMask = 2147483647;
			files = (
			);
			inputPaths = (
			);
			name = "Check Pods Manifest.lock";
			outputPaths = (
			);
			runOnlyForDeploymentPostprocessing = 0;
			shellPath = /bin/sh;
			shellScript = "diff \"${PODS_ROOT}/../Podfile.lock\" \"${PODS_ROOT}/Manifest.lock\" > /dev/null\nif [[ $? != 0 ]] ; then\n    cat << EOM\nerror: The sandbox is not in sync with the Podfile.lock. Run 'pod install' or update your CocoaPods installation.\nEOM\n    exit 1\nfi\n";
			showEnvVarsInLog = 0;
		};
		393AD4D399DB57256B87F5A8 /* Embed Pods Frameworks */ = {
			isa = PBXShellScriptBuildPhase;
			buildActionMask = 2147483647;
			files = (
			);
			inputPaths = (
			);
			name = "Embed Pods Frameworks";
			outputPaths = (
			);
			runOnlyForDeploymentPostprocessing = 0;
			shellPath = /bin/sh;
			shellScript = "\"${SRCROOT}/Pods/Target Support Files/Pods/Pods-frameworks.sh\"\n";
			showEnvVarsInLog = 0;
		};
		F6B58B07EEF9AEC937D269A2 /* Copy Pods Resources */ = {
			isa = PBXShellScriptBuildPhase;
			buildActionMask = 2147483647;
			files = (
			);
			inputPaths = (
			);
			name = "Copy Pods Resources";
			outputPaths = (
			);
			runOnlyForDeploymentPostprocessing = 0;
			shellPath = /bin/sh;
			shellScript = "\"${SRCROOT}/Pods/Target Support Files/Pods/Pods-resources.sh\"\n";
			showEnvVarsInLog = 0;
		};
/* End PBXShellScriptBuildPhase section */

/* Begin PBXSourcesBuildPhase section */
		9B47AA9A1C4FAFC4002D708E /* Sources */ = {
			isa = PBXSourcesBuildPhase;
			buildActionMask = 2147483647;
			files = (
				9BF707751C5C850D00AF3EB7 /* UserRegisterVC.m in Sources */,
				9B47AAE91C4FB6AB002D708E /* StatisticList.m in Sources */,
				9B47AAD31C4FB318002D708E /* MainTableViewController.m in Sources */,
				9B66C35E1C5F8B410014630F /* HelpTVC.m in Sources */,
				9B47AACB1C4FB1F3002D708E /* IIViewDeckController.m in Sources */,
				9B47AABF1C4FB19D002D708E /* AppTVC.m in Sources */,
				9B32448F1C5BA03D0073E7E3 /* User.m in Sources */,
				9B47AAE31C4FB670002D708E /* FileUtil.m in Sources */,
				9B47AAE41C4FB670002D708E /* JsonUtil.m in Sources */,
				9B47AAE11C4FB670002D708E /* NetAccessUtil.m in Sources */,
				9B66C3631C5F8C060014630F /* HelpTVCell.m in Sources */,
				9B47AAD41C4FB318002D708E /* MainTableViewCell.m in Sources */,
				9B5A245B1C5116460058E999 /* StatisticDescriptionVC.m in Sources */,
				9B47AACA1C4FB1F3002D708E /* IISideController.m in Sources */,
				9BF7077A1C5CC0D000AF3EB7 /* AboutVC.m in Sources */,
				9BC95CC31C5E3CEA00D49472 /* DateUtil.m in Sources */,
				9BFFD2B91C5C3C1B0062C586 /* UserSettingVC.m in Sources */,
				9B3244931C5BA5230073E7E3 /* UserLoginVC.m in Sources */,
				9B47AAA61C4FAFC4002D708E /* AppDelegate.m in Sources */,
				9B47AAE21C4FB670002D708E /* System.m in Sources */,
				9B47AAE51C4FB670002D708E /* DataConvertion.m in Sources */,
				9B47AACC1C4FB1F3002D708E /* IIWrapController.m in Sources */,
				9B47AAA31C4FAFC4002D708E /* main.m in Sources */,
				9B47AAC11C4FB19D002D708E /* AppTVCCell.m in Sources */,
			);
			runOnlyForDeploymentPostprocessing = 0;
		};
/* End PBXSourcesBuildPhase section */

/* Begin PBXVariantGroup section */
		9B47AAAA1C4FAFC4002D708E /* Main.storyboard */ = {
			isa = PBXVariantGroup;
			children = (
				9B47AAAB1C4FAFC4002D708E /* Base */,
			);
			name = Main.storyboard;
			sourceTree = "<group>";
		};
		9B47AAAF1C4FAFC4002D708E /* LaunchScreen.storyboard */ = {
			isa = PBXVariantGroup;
			children = (
				9B47AAB01C4FAFC4002D708E /* Base */,
			);
			name = LaunchScreen.storyboard;
			sourceTree = "<group>";
		};
/* End PBXVariantGroup section */

/* Begin XCBuildConfiguration section */
		9B47AAB31C4FAFC4002D708E /* Debug */ = {
			isa = XCBuildConfiguration;
			buildSettings = {
				ALWAYS_SEARCH_USER_PATHS = NO;
				CLANG_CXX_LANGUAGE_STANDARD = "gnu++0x";
				CLANG_CXX_LIBRARY = "libc++";
				CLANG_ENABLE_MODULES = YES;
				CLANG_ENABLE_OBJC_ARC = YES;
				CLANG_WARN_BOOL_CONVERSION = YES;
				CLANG_WARN_CONSTANT_CONVERSION = YES;
				CLANG_WARN_DIRECT_OBJC_ISA_USAGE = YES_ERROR;
				CLANG_WARN_EMPTY_BODY = YES;
				CLANG_WARN_ENUM_CONVERSION = YES;
				CLANG_WARN_INT_CONVERSION = YES;
				CLANG_WARN_OBJC_ROOT_CLASS = YES_ERROR;
				CLANG_WARN_UNREACHABLE_CODE = YES;
				CLANG_WARN__DUPLICATE_METHOD_MATCH = YES;
				"CODE_SIGN_IDENTITY[sdk=iphoneos*]" = "iPhone Developer";
				COPY_PHASE_STRIP = NO;
				DEBUG_INFORMATION_FORMAT = dwarf;
				ENABLE_STRICT_OBJC_MSGSEND = YES;
				ENABLE_TESTABILITY = YES;
				GCC_C_LANGUAGE_STANDARD = gnu99;
				GCC_DYNAMIC_NO_PIC = NO;
				GCC_NO_COMMON_BLOCKS = YES;
				GCC_OPTIMIZATION_LEVEL = 0;
				GCC_PREPROCESSOR_DEFINITIONS = (
					"DEBUG=1",
					"$(inherited)",
				);
				GCC_WARN_64_TO_32_BIT_CONVERSION = YES;
				GCC_WARN_ABOUT_RETURN_TYPE = YES_ERROR;
				GCC_WARN_UNDECLARED_SELECTOR = YES;
				GCC_WARN_UNINITIALIZED_AUTOS = YES_AGGRESSIVE;
				GCC_WARN_UNUSED_FUNCTION = YES;
				GCC_WARN_UNUSED_VARIABLE = YES;
				IPHONEOS_DEPLOYMENT_TARGET = 9.2;
				MTL_ENABLE_DEBUG_INFO = YES;
				ONLY_ACTIVE_ARCH = YES;
				SDKROOT = iphoneos;
			};
			name = Debug;
		};
		9B47AAB41C4FAFC4002D708E /* Release */ = {
			isa = XCBuildConfiguration;
			buildSettings = {
				ALWAYS_SEARCH_USER_PATHS = NO;
				CLANG_CXX_LANGUAGE_STANDARD = "gnu++0x";
				CLANG_CXX_LIBRARY = "libc++";
				CLANG_ENABLE_MODULES = YES;
				CLANG_ENABLE_OBJC_ARC = YES;
				CLANG_WARN_BOOL_CONVERSION = YES;
				CLANG_WARN_CONSTANT_CONVERSION = YES;
				CLANG_WARN_DIRECT_OBJC_ISA_USAGE = YES_ERROR;
				CLANG_WARN_EMPTY_BODY = YES;
				CLANG_WARN_ENUM_CONVERSION = YES;
				CLANG_WARN_INT_CONVERSION = YES;
				CLANG_WARN_OBJC_ROOT_CLASS = YES_ERROR;
				CLANG_WARN_UNREACHABLE_CODE = YES;
				CLANG_WARN__DUPLICATE_METHOD_MATCH = YES;
				"CODE_SIGN_IDENTITY[sdk=iphoneos*]" = "iPhone Developer";
				COPY_PHASE_STRIP = NO;
				DEBUG_INFORMATION_FORMAT = "dwarf-with-dsym";
				ENABLE_NS_ASSERTIONS = NO;
				ENABLE_STRICT_OBJC_MSGSEND = YES;
				GCC_C_LANGUAGE_STANDARD = gnu99;
				GCC_NO_COMMON_BLOCKS = YES;
				GCC_WARN_64_TO_32_BIT_CONVERSION = YES;
				GCC_WARN_ABOUT_RETURN_TYPE = YES_ERROR;
				GCC_WARN_UNDECLARED_SELECTOR = YES;
				GCC_WARN_UNINITIALIZED_AUTOS = YES_AGGRESSIVE;
				GCC_WARN_UNUSED_FUNCTION = YES;
				GCC_WARN_UNUSED_VARIABLE = YES;
				IPHONEOS_DEPLOYMENT_TARGET = 9.2;
				MTL_ENABLE_DEBUG_INFO = NO;
				SDKROOT = iphoneos;
				VALIDATE_PRODUCT = YES;
			};
			name = Release;
		};
		9B47AAB61C4FAFC4002D708E /* Debug */ = {
			isa = XCBuildConfiguration;
			baseConfigurationReference = FC7FE257FF6078C4803FF60F /* Pods.debug.xcconfig */;
			buildSettings = {
				ASSETCATALOG_COMPILER_APPICON_NAME = AppIcon;
				INFOPLIST_FILE = iStatistic/Info.plist;
				IPHONEOS_DEPLOYMENT_TARGET = 8.1;
				LD_RUNPATH_SEARCH_PATHS = "$(inherited) @executable_path/Frameworks";
				PRODUCT_BUNDLE_IDENTIFIER = lee.iStatistic;
				PRODUCT_NAME = "$(TARGET_NAME)";
			};
			name = Debug;
		};
		9B47AAB71C4FAFC4002D708E /* Release */ = {
			isa = XCBuildConfiguration;
			baseConfigurationReference = 01F606CB96E188DA2E70052D /* Pods.release.xcconfig */;
			buildSettings = {
				ASSETCATALOG_COMPILER_APPICON_NAME = AppIcon;
				INFOPLIST_FILE = iStatistic/Info.plist;
				IPHONEOS_DEPLOYMENT_TARGET = 8.1;
				LD_RUNPATH_SEARCH_PATHS = "$(inherited) @executable_path/Frameworks";
				PRODUCT_BUNDLE_IDENTIFIER = lee.iStatistic;
				PRODUCT_NAME = "$(TARGET_NAME)";
			};
			name = Release;
		};
/* End XCBuildConfiguration section */

/* Begin XCConfigurationList section */
		9B47AA991C4FAFC4002D708E /* Build configuration list for PBXProject "iStatistic" */ = {
			isa = XCConfigurationList;
			buildConfigurations = (
				9B47AAB31C4FAFC4002D708E /* Debug */,
				9B47AAB41C4FAFC4002D708E /* Release */,
			);
			defaultConfigurationIsVisible = 0;
			defaultConfigurationName = Release;
		};
		9B47AAB51C4FAFC4002D708E /* Build configuration list for PBXNativeTarget "iStatistic" */ = {
			isa = XCConfigurationList;
			buildConfigurations = (
				9B47AAB61C4FAFC4002D708E /* Debug */,
				9B47AAB71C4FAFC4002D708E /* Release */,
			);
			defaultConfigurationIsVisible = 0;
			defaultConfigurationName = Release;
		};
/* End XCConfigurationList section */
	};
	rootObject = 9B47AA961C4FAFC4002D708E /* Project object */;
}
